speakeasyVersion: 1.554.1
sources:
    sdk-node-platform-OAS:
        sourceNamespace: sdk-node-platform-oas
        sourceRevisionDigest: sha256:a2e36d0304a08cc10c5179548b4359696f214c83552208d59a81bd6d84e58ecc
        sourceBlobDigest: sha256:e922d4603433d29d2c17c93c8961f5d8c65c9c3aa3570385a822e88c36fa5231
        tags:
            - latest
            - speakeasy-sdk-regen-1745281886
            - 1.0.0
targets:
    sdk-node-platform:
        source: sdk-node-platform-OAS
        sourceNamespace: sdk-node-platform-oas
        sourceRevisionDigest: sha256:a2e36d0304a08cc10c5179548b4359696f214c83552208d59a81bd6d84e58ecc
        sourceBlobDigest: sha256:e922d4603433d29d2c17c93c8961f5d8c65c9c3aa3570385a822e88c36fa5231
        codeSamplesNamespace: sdk-node-platform-oas-typescript-code-samples
        codeSamplesRevisionDigest: sha256:8bbda9046a2ddb2dbd196ee1f5d416472dfde329fc869146b57da1a961ecc097
workflow:
    workflowVersion: 1.0.0
    speakeasyVersion: latest
    sources:
        sdk-node-platform-OAS:
            inputs:
                - location: https://raw.githubusercontent.com/amp-labs/openapi/main/api/generated/api.json
            overlays:
                - location: .speakeasy/speakeasy-modifications-overlay.yaml
            registry:
                location: registry.speakeasyapi.dev/ampersand/ts/sdk-node-platform-oas
    targets:
        sdk-node-platform:
            target: typescript
            source: sdk-node-platform-OAS
            publish:
                npm:
                    token: $npm_token
            codeSamples:
                registry:
                    location: registry.speakeasyapi.dev/ampersand/ts/sdk-node-platform-oas-typescript-code-samples
                labelOverride:
                    fixedValue: Typescript (SDK)
                blocking: false
