speakeasyVersion: 1.533.0
sources:
    sdk-node-platform-OAS:
        sourceNamespace: sdk-node-platform-oas
        sourceRevisionDigest: sha256:a27f6904b59f9cc8e888344c9439eb31ea808060120a61f17bfd9d2803cdf6be
        sourceBlobDigest: sha256:e61e21df34dfa3d6ba7bf85f69a0b7005606fbcf58df8a6c6dd0bcbe12d2e31e
        tags:
            - latest
            - speakeasy-sdk-regen-1744763500
            - 1.0.0
targets:
    sdk-node-platform:
        source: sdk-node-platform-OAS
        sourceNamespace: sdk-node-platform-oas
        sourceRevisionDigest: sha256:a27f6904b59f9cc8e888344c9439eb31ea808060120a61f17bfd9d2803cdf6be
        sourceBlobDigest: sha256:e61e21df34dfa3d6ba7bf85f69a0b7005606fbcf58df8a6c6dd0bcbe12d2e31e
        codeSamplesNamespace: sdk-node-platform-oas-typescript-code-samples
        codeSamplesRevisionDigest: sha256:5d4f0e3ae2b4dcc7fb4e250ae030f51087c97d5b946f4968408ba599c92c6b02
workflow:
    workflowVersion: 1.0.0
    speakeasyVersion: latest
    sources:
        sdk-node-platform-OAS:
            inputs:
                - location: https://raw.githubusercontent.com/amp-labs/openapi/main/api/generated/api.json
            overlays:
                - location: .speakeasy/speakeasy-modifications-overlay.yaml
            registry:
                location: registry.speakeasyapi.dev/ampersand/ts/sdk-node-platform-oas
    targets:
        sdk-node-platform:
            target: typescript
            source: sdk-node-platform-OAS
            publish:
                npm:
                    token: $npm_token
            codeSamples:
                registry:
                    location: registry.speakeasyapi.dev/ampersand/ts/sdk-node-platform-oas-typescript-code-samples
                labelOverride:
                    fixedValue: Typescript (SDK)
                blocking: false
